
Microsoft Visual Studio Solution File, Format Version 12.00
# Visual Studio Version 16
VisualStudioVersion = 16.0.30413.136
MinimumVisualStudioVersion = 10.0.40219.1
Project("{FAE04EC0-301F-11D3-BF4B-00C04F79EFBC}") = "PizzaAEmporter", "PizzaAEmporter\PizzaAEmporter.csproj", "{403B500F-31E6-4730-861D-F880F1F20A4F}"
EndProject
Global
	GlobalSection(SolutionConfigurationPlatforms) = preSolution
		Debug|Any CPU = Debug|Any CPU
		Release|Any CPU = Release|Any CPU
	EndGlobalSection
	GlobalSection(ProjectConfigurationPlatforms) = postSolution
		{403B500F-31E6-4730-861D-F880F1F20A4F}.Debug|Any CPU.ActiveCfg = Debug|Any CPU
		{403B500F-31E6-4730-861D-F880F1F20A4F}.Debug|Any CPU.Build.0 = Debug|Any CPU
		{403B500F-31E6-4730-861D-F880F1F20A4F}.Release|Any CPU.ActiveCfg = Release|Any CPU
		{403B500F-31E6-4730-861D-F880F1F20A4F}.Release|Any CPU.Build.0 = Release|Any CPU
	EndGlobalSection
	GlobalSection(SolutionProperties) = preSolution
		HideSolutionNode = FALSE
	EndGlobalSection
	GlobalSection(ExtensibilityGlobals) = postSolution
		SolutionGuid = {16FF552B-0B15-48C4-A373-65C28F463F4C}
	EndGlobalSection
EndGlobal
